// !$*UTF8*$!
{
	archiveVersion = 1;
	classes = {
	};
	objectVersion = 50;
	objects = {

/* Begin PBXBuildFile section */
		9B3BE88E21C182A20076E2F5 /* AppDelegate.swift in Sources */ = {isa = PBXBuildFile; fileRef = 9B3BE88D21C182A20076E2F5 /* AppDelegate.swift */; };
		9B3BE89521C182A20076E2F5 /* Main.storyboard in Resources */ = {isa = PBXBuildFile; fileRef = 9B3BE89321C182A20076E2F5 /* Main.storyboard */; };
		9B3BE89721C182A50076E2F5 /* Assets.xcassets in Resources */ = {isa = PBXBuildFile; fileRef = 9B3BE89621C182A50076E2F5 /* Assets.xcassets */; };
		9B3BE89A21C182A50076E2F5 /* LaunchScreen.storyboard in Resources */ = {isa = PBXBuildFile; fileRef = 9B3BE89821C182A50076E2F5 /* LaunchScreen.storyboard */; };
		9B3BE8A221C185580076E2F5 /* Home.swift in Sources */ = {isa = PBXBuildFile; fileRef = 9B3BE8A121C185580076E2F5 /* Home.swift */; };
		9B3BE8A421C185DC0076E2F5 /* AboutUs.swift in Sources */ = {isa = PBXBuildFile; fileRef = 9B3BE8A321C185DC0076E2F5 /* AboutUs.swift */; };
		9B3BE8A621C1A3060076E2F5 /* Events.swift in Sources */ = {isa = PBXBuildFile; fileRef = 9B3BE8A521C1A3060076E2F5 /* Events.swift */; };
/* End PBXBuildFile section */

/* Begin PBXFileReference section */
		9B3BE88A21C182A20076E2F5 /* Artranfp.app */ = {isa = PBXFileReference; explicitFileType = wrapper.application; includeInIndex = 0; path = Artranfp.app; sourceTree = BUILT_PRODUCTS_DIR; };
		9B3BE88D21C182A20076E2F5 /* AppDelegate.swift */ = {isa = PBXFileReference; lastKnownFileType = sourcecode.swift; path = AppDelegate.swift; sourceTree = "<group>"; };
		9B3BE89421C182A20076E2F5 /* Base */ = {isa = PBXFileReference; lastKnownFileType = file.storyboard; name = Base; path = Base.lproj/Main.storyboard; sourceTree = "<group>"; };
		9B3BE89621C182A50076E2F5 /* Assets.xcassets */ = {isa = PBXFileReference; lastKnownFileType = folder.assetcatalog; path = Assets.xcassets; sourceTree = "<group>"; };
		9B3BE89921C182A50076E2F5 /* Base */ = {isa = PBXFileReference; lastKnownFileType = file.storyboard; name = Base; path = Base.lproj/LaunchScreen.storyboard; sourceTree = "<group>"; };
		9B3BE89B21C182A50076E2F5 /* Info.plist */ = {isa = PBXFileReference; lastKnownFileType = text.plist.xml; path = Info.plist; sourceTree = "<group>"; };
		9B3BE8A121C185580076E2F5 /* Home.swift */ = {isa = PBXFileReference; lastKnownFileType = sourcecode.swift; path = Home.swift; sourceTree = "<group>"; };
		9B3BE8A321C185DC0076E2F5 /* AboutUs.swift */ = {isa = PBXFileReference; lastKnownFileType = sourcecode.swift; path = AboutUs.swift; sourceTree = "<group>"; };
		9B3BE8A521C1A3060076E2F5 /* Events.swift */ = {isa = PBXFileReference; lastKnownFileType = sourcecode.swift; path = Events.swift; sourceTree = "<group>"; };
/* End PBXFileReference section */

/* Begin PBXFrameworksBuildPhase section */
		9B3BE88721C182A20076E2F5 /* Frameworks */ = {
			isa = PBXFrameworksBuildPhase;
			buildActionMask = 2147483647;
			files = (
			);
			runOnlyForDeploymentPostprocessing = 0;
		};
/* End PBXFrameworksBuildPhase section */

/* Begin PBXGroup section */
		9B3BE88121C182A20076E2F5 = {
			isa = PBXGroup;
			children = (
				9B3BE88C21C182A20076E2F5 /* Artranfp */,
				9B3BE88B21C182A20076E2F5 /* Products */,
			);
			sourceTree = "<group>";
		};
		9B3BE88B21C182A20076E2F5 /* Products */ = {
			isa = PBXGroup;
			children = (
				9B3BE88A21C182A20076E2F5 /* Artranfp.app */,
			);
			name = Products;
			sourceTree = "<group>";
		};
		9B3BE88C21C182A20076E2F5 /* Artranfp */ = {
			isa = PBXGroup;
			children = (
				9B3BE88D21C182A20076E2F5 /* AppDelegate.swift */,
				9B3BE89321C182A20076E2F5 /* Main.storyboard */,
				9B3BE8A521C1A3060076E2F5 /* Events.swift */,
				9B3BE8A321C185DC0076E2F5 /* AboutUs.swift */,
				9B3BE8A121C185580076E2F5 /* Home.swift */,
				9B3BE89621C182A50076E2F5 /* Assets.xcassets */,
				9B3BE89821C182A50076E2F5 /* LaunchScreen.storyboard */,
				9B3BE89B21C182A50076E2F5 /* Info.plist */,
			);
			path = Artranfp;
			sourceTree = "<group>";
		};
/* End PBXGroup section */

/* Begin PBXNativeTarget section */
		9B3BE88921C182A20076E2F5 /* Artranfp */ = {
			isa = PBXNativeTarget;
			buildConfigurationList = 9B3BE89E21C182A50076E2F5 /* Build configuration list for PBXNativeTarget "Artranfp" */;
			buildPhases = (
				9B3BE88621C182A20076E2F5 /* Sources */,
				9B3BE88721C182A20076E2F5 /* Frameworks */,
				9B3BE88821C182A20076E2F5 /* Resources */,
			);
			buildRules = (
			);
			dependencies = (
			);
			name = Artranfp;
			productName = Artranfp;
			productReference = 9B3BE88A21C182A20076E2F5 /* Artranfp.app */;
			productType = "com.apple.product-type.application";
		};
/* End PBXNativeTarget section */

/* Begin PBXProject section */
		9B3BE88221C182A20076E2F5 /* Project object */ = {
			isa = PBXProject;
			attributes = {
				LastSwiftUpdateCheck = 1010;
				LastUpgradeCheck = 1010;
				ORGANIZATIONNAME = Artra;
				TargetAttributes = {
					9B3BE88921C182A20076E2F5 = {
						CreatedOnToolsVersion = 10.1;
					};
				};
			};
			buildConfigurationList = 9B3BE88521C182A20076E2F5 /* Build configuration list for PBXProject "Artranfp" */;
			compatibilityVersion = "Xcode 9.3";
			developmentRegion = en;
			hasScannedForEncodings = 0;
			knownRegions = (
				en,
				Base,
			);
			mainGroup = 9B3BE88121C182A20076E2F5;
			productRefGroup = 9B3BE88B21C182A20076E2F5 /* Products */;
			projectDirPath = "";
			projectRoot = "";
			targets = (
				9B3BE88921C182A20076E2F5 /* Artranfp */,
			);
		};
/* End PBXProject section */

/* Begin PBXResourcesBuildPhase section */
		9B3BE88821C182A20076E2F5 /* Resources */ = {
			isa = PBXResourcesBuildPhase;
			buildActionMask = 2147483647;
			files = (
				9B3BE89A21C182A50076E2F5 /* LaunchScreen.storyboard in Resources */,
				9B3BE89721C182A50076E2F5 /* Assets.xcassets in Resources */,
				9B3BE89521C182A20076E2F5 /* Main.storyboard in Resources */,
			);
			runOnlyForDeploymentPostprocessing = 0;
		};
/* End PBXResourcesBuildPhase section */

/* Begin PBXSourcesBuildPhase section */
		9B3BE88621C182A20076E2F5 /* Sources */ = {
			isa = PBXSourcesBuildPhase;
			buildActionMask = 2147483647;
			files = (
				9B3BE8A621C1A3060076E2F5 /* Events.swift in Sources */,
				9B3BE8A421C185DC0076E2F5 /* AboutUs.swift in Sources */,
				9B3BE88E21C182A20076E2F5 /* AppDelegate.swift in Sources */,
				9B3BE8A221C185580076E2F5 /* Home.swift in Sources */,
			);
			runOnlyForDeploymentPostprocessing = 0;
		};
/* End PBXSourcesBuildPhase section */

/* Begin PBXVariantGroup section */
		9B3BE89321C182A20076E2F5 /* Main.storyboard */ = {
			isa = PBXVariantGroup;
			children = (
				9B3BE89421C182A20076E2F5 /* Base */,
			);
			name = Main.storyboard;
			sourceTree = "<group>";
		};
		9B3BE89821C182A50076E2F5 /* LaunchScreen.storyboard */ = {
			isa = PBXVariantGroup;
			children = (
				9B3BE89921C182A50076E2F5 /* Base */,
			);
			name = LaunchScreen.storyboard;
			sourceTree = "<group>";
		};
/* End PBXVariantGroup section */

/* Begin XCBuildConfiguration section */
		9B3BE89C21C182A50076E2F5 /* Debug */ = {
			isa = XCBuildConfiguration;
			buildSettings = {
				ALWAYS_SEARCH_USER_PATHS = NO;
				CLANG_ANALYZER_NONNULL = YES;
				CLANG_ANALYZER_NUMBER_OBJECT_CONVERSION = YES_AGGRESSIVE;
				CLANG_CXX_LANGUAGE_STANDARD = "gnu++14";
				CLANG_CXX_LIBRARY = "libc++";
				CLANG_ENABLE_MODULES = YES;
				CLANG_ENABLE_OBJC_ARC = YES;
				CLANG_ENABLE_OBJC_WEAK = YES;
				CLANG_WARN_BLOCK_CAPTURE_AUTORELEASING = YES;
				CLANG_WARN_BOOL_CONVERSION = YES;
				CLANG_WARN_COMMA = YES;
				CLANG_WARN_CONSTANT_CONVERSION = YES;
				CLANG_WARN_DEPRECATED_OBJC_IMPLEMENTATIONS = YES;
				CLANG_WARN_DIRECT_OBJC_ISA_USAGE = YES_ERROR;
				CLANG_WARN_DOCUMENTATION_COMMENTS = YES;
				CLANG_WARN_EMPTY_BODY = YES;
				CLANG_WARN_ENUM_CONVERSION = YES;
				CLANG_WARN_INFINITE_RECURSION = YES;
				CLANG_WARN_INT_CONVERSION = YES;
				CLANG_WARN_NON_LITERAL_NULL_CONVERSION = YES;
				CLANG_WARN_OBJC_IMPLICIT_RETAIN_SELF = YES;
				CLANG_WARN_OBJC_LITERAL_CONVERSION = YES;
				CLANG_WARN_OBJC_ROOT_CLASS = YES_ERROR;
				CLANG_WARN_RANGE_LOOP_ANALYSIS = YES;
				CLANG_WARN_STRICT_PROTOTYPES = YES;
				CLANG_WARN_SUSPICIOUS_MOVE = YES;
				CLANG_WARN_UNGUARDED_AVAILABILITY = YES_AGGRESSIVE;
				CLANG_WARN_UNREACHABLE_CODE = YES;
				CLANG_WARN__DUPLICATE_METHOD_MATCH = YES;
				CODE_SIGN_IDENTITY = "iPhone Developer";
				COPY_PHASE_STRIP = NO;
				DEBUG_INFORMATION_FORMAT = dwarf;
				ENABLE_STRICT_OBJC_MSGSEND = YES;
				ENABLE_TESTABILITY = YES;
				GCC_C_LANGUAGE_STANDARD = gnu11;
				GCC_DYNAMIC_NO_PIC = NO;
				GCC_NO_COMMON_BLOCKS = YES;
				GCC_OPTIMIZATION_LEVEL = 0;
				GCC_PREPROCESSOR_DEFINITIONS = (
					"DEBUG=1",
					"$(inherited)",
				);
				GCC_WARN_64_TO_32_BIT_CONVERSION = YES;
				GCC_WARN_ABOUT_RETURN_TYPE = YES_ERROR;
				GCC_WARN_UNDECLARED_SELECTOR = YES;
				GCC_WARN_UNINITIALIZED_AUTOS = YES_AGGRESSIVE;
				GCC_WARN_UNUSED_FUNCTION = YES;
				GCC_WARN_UNUSED_VARIABLE = YES;
				IPHONEOS_DEPLOYMENT_TARGET = 12.1;
				MTL_ENABLE_DEBUG_INFO = INCLUDE_SOURCE;
				MTL_FAST_MATH = YES;
				ONLY_ACTIVE_ARCH = YES;
				SDKROOT = iphoneos;
				SWIFT_ACTIVE_COMPILATION_CONDITIONS = DEBUG;
				SWIFT_OPTIMIZATION_LEVEL = "-Onone";
			};
			name = Debug;
		};
		9B3BE89D21C182A50076E2F5 /* Release */ = {
			isa = XCBuildConfiguration;
			buildSettings = {
				ALWAYS_SEARCH_USER_PATHS = NO;
				CLANG_ANALYZER_NONNULL = YES;
				CLANG_ANALYZER_NUMBER_OBJECT_CONVERSION = YES_AGGRESSIVE;
				CLANG_CXX_LANGUAGE_STANDARD = "gnu++14";
				CLANG_CXX_LIBRARY = "libc++";
				CLANG_ENABLE_MODULES = YES;
				CLANG_ENABLE_OBJC_ARC = YES;
				CLANG_ENABLE_OBJC_WEAK = YES;
				CLANG_WARN_BLOCK_CAPTURE_AUTORELEASING = YES;
				CLANG_WARN_BOOL_CONVERSION = YES;
				CLANG_WARN_COMMA = YES;
				CLANG_WARN_CONSTANT_CONVERSION = YES;
				CLANG_WARN_DEPRECATED_OBJC_IMPLEMENTATIONS = YES;
				CLANG_WARN_DIRECT_OBJC_ISA_USAGE = YES_ERROR;
				CLANG_WARN_DOCUMENTATION_COMMENTS = YES;
				CLANG_WARN_EMPTY_BODY = YES;
				CLANG_WARN_ENUM_CONVERSION = YES;
				CLANG_WARN_INFINITE_RECURSION = YES;
				CLANG_WARN_INT_CONVERSION = YES;
				CLANG_WARN_NON_LITERAL_NULL_CONVERSION = YES;
				CLANG_WARN_OBJC_IMPLICIT_RETAIN_SELF = YES;
				CLANG_WARN_OBJC_LITERAL_CONVERSION = YES;
				CLANG_WARN_OBJC_ROOT_CLASS = YES_ERROR;
				CLANG_WARN_RANGE_LOOP_ANALYSIS = YES;
				CLANG_WARN_STRICT_PROTOTYPES = YES;
				CLANG_WARN_SUSPICIOUS_MOVE = YES;
				CLANG_WARN_UNGUARDED_AVAILABILITY = YES_AGGRESSIVE;
				CLANG_WARN_UNREACHABLE_CODE = YES;
				CLANG_WARN__DUPLICATE_METHOD_MATCH = YES;
				CODE_SIGN_IDENTITY = "iPhone Developer";
				COPY_PHASE_STRIP = NO;
				DEBUG_INFORMATION_FORMAT = "dwarf-with-dsym";
				ENABLE_NS_ASSERTIONS = NO;
				ENABLE_STRICT_OBJC_MSGSEND = YES;
				GCC_C_LANGUAGE_STANDARD = gnu11;
				GCC_NO_COMMON_BLOCKS = YES;
				GCC_WARN_64_TO_32_BIT_CONVERSION = YES;
				GCC_WARN_ABOUT_RETURN_TYPE = YES_ERROR;
				GCC_WARN_UNDECLARED_SELECTOR = YES;
				GCC_WARN_UNINITIALIZED_AUTOS = YES_AGGRESSIVE;
				GCC_WARN_UNUSED_FUNCTION = YES;
				GCC_WARN_UNUSED_VARIABLE = YES;
				IPHONEOS_DEPLOYMENT_TARGET = 12.1;
				MTL_ENABLE_DEBUG_INFO = NO;
				MTL_FAST_MATH = YES;
				SDKROOT = iphoneos;
				SWIFT_COMPILATION_MODE = wholemodule;
				SWIFT_OPTIMIZATION_LEVEL = "-O";
				VALIDATE_PRODUCT = YES;
			};
			name = Release;
		};
		9B3BE89F21C182A50076E2F5 /* Debug */ = {
			isa = XCBuildConfiguration;
			buildSettings = {
				ASSETCATALOG_COMPILER_APPICON_NAME = AppIcon;
				CODE_SIGN_STYLE = Automatic;
				DEVELOPMENT_TEAM = S5RU2SD2AV;
				INFOPLIST_FILE = Artranfp/Info.plist;
				LD_RUNPATH_SEARCH_PATHS = (
					"$(inherited)",
					"@executable_path/Frameworks",
				);
				PRODUCT_BUNDLE_IDENTIFIER = me.mding.Artranfp;
				PRODUCT_NAME = "$(TARGET_NAME)";
				SWIFT_VERSION = 4.2;
				TARGETED_DEVICE_FAMILY = "1,2";
			};
			name = Debug;
		};
		9B3BE8A021C182A50076E2F5 /* Release */ = {
			isa = XCBuildConfiguration;
			buildSettings = {
				ASSETCATALOG_COMPILER_APPICON_NAME = AppIcon;
				CODE_SIGN_STYLE = Automatic;
				DEVELOPMENT_TEAM = S5RU2SD2AV;
				INFOPLIST_FILE = Artranfp/Info.plist;
				LD_RUNPATH_SEARCH_PATHS = (
					"$(inherited)",
					"@executable_path/Frameworks",
				);
				PRODUCT_BUNDLE_IDENTIFIER = me.mding.Artranfp;
				PRODUCT_NAME = "$(TARGET_NAME)";
				SWIFT_VERSION = 4.2;
				TARGETED_DEVICE_FAMILY = "1,2";
			};
			name = Release;
		};
/* End XCBuildConfiguration section */

/* Begin XCConfigurationList section */
		9B3BE88521C182A20076E2F5 /* Build configuration list for PBXProject "Artranfp" */ = {
			isa = XCConfigurationList;
			buildConfigurations = (
				9B3BE89C21C182A50076E2F5 /* Debug */,
				9B3BE89D21C182A50076E2F5 /* Release */,
			);
			defaultConfigurationIsVisible = 0;
			defaultConfigurationName = Release;
		};
		9B3BE89E21C182A50076E2F5 /* Build configuration list for PBXNativeTarget "Artranfp" */ = {
			isa = XCConfigurationList;
			buildConfigurations = (
				9B3BE89F21C182A50076E2F5 /* Debug */,
				9B3BE8A021C182A50076E2F5 /* Release */,
			);
			defaultConfigurationIsVisible = 0;
			defaultConfigurationName = Release;
		};
/* End XCConfigurationList section */
	};
	rootObject = 9B3BE88221C182A20076E2F5 /* Project object */;
}
