// !$*UTF8*$!
{
	archiveVersion = 1;
	classes = {
	};
	objectVersion = 50;
	objects = {

/* Begin PBXBuildFile section */
		9B03904A21C838E70006022D /* IMG_3814 2.JPG in Resources */ = {isa = PBXBuildFile; fileRef = 9B03900E21C838DB0006022D /* IMG_3814 2.JPG */; };
		9B03904B21C838E70006022D /* IMG_9609 2.JPG in Resources */ = {isa = PBXBuildFile; fileRef = 9B03900F21C838DC0006022D /* IMG_9609 2.JPG */; };
		9B03904C21C838E70006022D /* IMG_7871 2.JPG in Resources */ = {isa = PBXBuildFile; fileRef = 9B03901021C838DC0006022D /* IMG_7871 2.JPG */; };
		9B03904D21C838E70006022D /* IMG_6896 2.JPG in Resources */ = {isa = PBXBuildFile; fileRef = 9B03901121C838DC0006022D /* IMG_6896 2.JPG */; };
		9B03904E21C838E70006022D /* IMG_8169 2.JPG in Resources */ = {isa = PBXBuildFile; fileRef = 9B03901221C838DC0006022D /* IMG_8169 2.JPG */; };
		9B03904F21C838E70006022D /* IMG_3945 2.JPG in Resources */ = {isa = PBXBuildFile; fileRef = 9B03901321C838DC0006022D /* IMG_3945 2.JPG */; };
		9B03905021C838E70006022D /* IMG_7489 2.JPG in Resources */ = {isa = PBXBuildFile; fileRef = 9B03901421C838DC0006022D /* IMG_7489 2.JPG */; };
		9B03905121C838E70006022D /* IMG_7793 2.JPG in Resources */ = {isa = PBXBuildFile; fileRef = 9B03901521C838DC0006022D /* IMG_7793 2.JPG */; };
		9B03905221C838E70006022D /* IMG_2964 2.JPG in Resources */ = {isa = PBXBuildFile; fileRef = 9B03901621C838DD0006022D /* IMG_2964 2.JPG */; };
		9B03905321C838E70006022D /* IMG_5637 2.JPG in Resources */ = {isa = PBXBuildFile; fileRef = 9B03901721C838DD0006022D /* IMG_5637 2.JPG */; };
		9B03905421C838E70006022D /* IMG_7089 2.JPG in Resources */ = {isa = PBXBuildFile; fileRef = 9B03901821C838DD0006022D /* IMG_7089 2.JPG */; };
		9B03905521C838E70006022D /* IMG_1232 2.JPG in Resources */ = {isa = PBXBuildFile; fileRef = 9B03901921C838DD0006022D /* IMG_1232 2.JPG */; };
		9B03905621C838E70006022D /* IMG_6941 2.JPG in Resources */ = {isa = PBXBuildFile; fileRef = 9B03901A21C838DD0006022D /* IMG_6941 2.JPG */; };
		9B03905721C838E70006022D /* IMG_8557 2.JPG in Resources */ = {isa = PBXBuildFile; fileRef = 9B03901B21C838DD0006022D /* IMG_8557 2.JPG */; };
		9B03905821C838E70006022D /* IMG_9902 2.JPG in Resources */ = {isa = PBXBuildFile; fileRef = 9B03901C21C838DE0006022D /* IMG_9902 2.JPG */; };
		9B03905921C838E70006022D /* IMG_9028 2.JPG in Resources */ = {isa = PBXBuildFile; fileRef = 9B03901D21C838DE0006022D /* IMG_9028 2.JPG */; };
		9B03905A21C838E70006022D /* IMG_4793 2.JPG in Resources */ = {isa = PBXBuildFile; fileRef = 9B03901E21C838DE0006022D /* IMG_4793 2.JPG */; };
		9B03905B21C838E70006022D /* IMG_6636 2.JPG in Resources */ = {isa = PBXBuildFile; fileRef = 9B03901F21C838DE0006022D /* IMG_6636 2.JPG */; };
		9B03905C21C838E70006022D /* IMG_6155 2.JPG in Resources */ = {isa = PBXBuildFile; fileRef = 9B03902021C838DE0006022D /* IMG_6155 2.JPG */; };
		9B03905D21C838E70006022D /* IMG_2096 2.JPG in Resources */ = {isa = PBXBuildFile; fileRef = 9B03902121C838DE0006022D /* IMG_2096 2.JPG */; };
		9B03905E21C838E70006022D /* IMG_4731 2.JPG in Resources */ = {isa = PBXBuildFile; fileRef = 9B03902221C838DF0006022D /* IMG_4731 2.JPG */; };
		9B03905F21C838E70006022D /* IMG_3585 2.JPG in Resources */ = {isa = PBXBuildFile; fileRef = 9B03902321C838DF0006022D /* IMG_3585 2.JPG */; };
		9B03906021C838E70006022D /* IMG_5201 2.JPG in Resources */ = {isa = PBXBuildFile; fileRef = 9B03902421C838DF0006022D /* IMG_5201 2.JPG */; };
		9B03906121C838E70006022D /* IMG_3900 2.JPG in Resources */ = {isa = PBXBuildFile; fileRef = 9B03902521C838DF0006022D /* IMG_3900 2.JPG */; };
		9B03906221C838E70006022D /* IMG_6199 2.JPG in Resources */ = {isa = PBXBuildFile; fileRef = 9B03902621C838DF0006022D /* IMG_6199 2.JPG */; };
		9B03906321C838E70006022D /* IMG_1781 2.JPG in Resources */ = {isa = PBXBuildFile; fileRef = 9B03902721C838DF0006022D /* IMG_1781 2.JPG */; };
		9B03906421C838E70006022D /* IMG_6543 2.JPG in Resources */ = {isa = PBXBuildFile; fileRef = 9B03902821C838DF0006022D /* IMG_6543 2.JPG */; };
		9B03906521C838E70006022D /* IMG_2743 2.JPG in Resources */ = {isa = PBXBuildFile; fileRef = 9B03902921C838E00006022D /* IMG_2743 2.JPG */; };
		9B03906621C838E70006022D /* IMG_4671 2.JPG in Resources */ = {isa = PBXBuildFile; fileRef = 9B03902A21C838E00006022D /* IMG_4671 2.JPG */; };
		9B03906721C838E70006022D /* IMG_6820 2.JPG in Resources */ = {isa = PBXBuildFile; fileRef = 9B03902B21C838E00006022D /* IMG_6820 2.JPG */; };
		9B03906821C838E70006022D /* IMG_4698 2.JPG in Resources */ = {isa = PBXBuildFile; fileRef = 9B03902C21C838E00006022D /* IMG_4698 2.JPG */; };
		9B03906921C838E70006022D /* IMG_2099 2.jpg in Resources */ = {isa = PBXBuildFile; fileRef = 9B03902D21C838E00006022D /* IMG_2099 2.jpg */; };
		9B03906A21C838E70006022D /* IMG_2100 2.JPG in Resources */ = {isa = PBXBuildFile; fileRef = 9B03902E21C838E00006022D /* IMG_2100 2.JPG */; };
		9B03906B21C838E70006022D /* IMG_4398 2.JPG in Resources */ = {isa = PBXBuildFile; fileRef = 9B03902F21C838E00006022D /* IMG_4398 2.JPG */; };
		9B03906C21C838E70006022D /* IMG_5287 2.JPG in Resources */ = {isa = PBXBuildFile; fileRef = 9B03903021C838E10006022D /* IMG_5287 2.JPG */; };
		9B03906D21C838E70006022D /* IMG_1980 2.JPG in Resources */ = {isa = PBXBuildFile; fileRef = 9B03903121C838E10006022D /* IMG_1980 2.JPG */; };
		9B03906E21C838E70006022D /* IMG_1063 2.JPG in Resources */ = {isa = PBXBuildFile; fileRef = 9B03903221C838E10006022D /* IMG_1063 2.JPG */; };
		9B03906F21C838E70006022D /* IMG_1946 2.JPG in Resources */ = {isa = PBXBuildFile; fileRef = 9B03903321C838E10006022D /* IMG_1946 2.JPG */; };
		9B03907021C838E70006022D /* IMG_7317 2.JPG in Resources */ = {isa = PBXBuildFile; fileRef = 9B03903421C838E10006022D /* IMG_7317 2.JPG */; };
		9B03907121C838E70006022D /* IMG_7057 2.JPG in Resources */ = {isa = PBXBuildFile; fileRef = 9B03903521C838E20006022D /* IMG_7057 2.JPG */; };
		9B03907221C838E70006022D /* IMG_9692 2.JPG in Resources */ = {isa = PBXBuildFile; fileRef = 9B03903621C838E20006022D /* IMG_9692 2.JPG */; };
		9B03907321C838E70006022D /* IMG_1949 2.JPG in Resources */ = {isa = PBXBuildFile; fileRef = 9B03903721C838E20006022D /* IMG_1949 2.JPG */; };
		9B03907421C838E70006022D /* IMG_4330 2.JPG in Resources */ = {isa = PBXBuildFile; fileRef = 9B03903821C838E20006022D /* IMG_4330 2.JPG */; };
		9B03907521C838E70006022D /* IMG_8804 2.JPG in Resources */ = {isa = PBXBuildFile; fileRef = 9B03903921C838E20006022D /* IMG_8804 2.JPG */; };
		9B03907621C838E70006022D /* IMG_2098 2.JPG in Resources */ = {isa = PBXBuildFile; fileRef = 9B03903A21C838E20006022D /* IMG_2098 2.JPG */; };
		9B03907721C838E70006022D /* IMG_0387 2.JPG in Resources */ = {isa = PBXBuildFile; fileRef = 9B03903B21C838E30006022D /* IMG_0387 2.JPG */; };
		9B03907821C838E70006022D /* IMG_0513 2.JPG in Resources */ = {isa = PBXBuildFile; fileRef = 9B03903C21C838E30006022D /* IMG_0513 2.JPG */; };
		9B03907921C838E70006022D /* IMG_2097 2.JPG in Resources */ = {isa = PBXBuildFile; fileRef = 9B03903D21C838E30006022D /* IMG_2097 2.JPG */; };
		9B03907A21C838E70006022D /* IMG_1322 2.JPG in Resources */ = {isa = PBXBuildFile; fileRef = 9B03903E21C838E40006022D /* IMG_1322 2.JPG */; };
		9B03907B21C838E70006022D /* IMG_8363 2.JPG in Resources */ = {isa = PBXBuildFile; fileRef = 9B03903F21C838E40006022D /* IMG_8363 2.JPG */; };
		9B03907C21C838E70006022D /* IMG_9955 2.JPG in Resources */ = {isa = PBXBuildFile; fileRef = 9B03904021C838E40006022D /* IMG_9955 2.JPG */; };
		9B03907D21C838E70006022D /* IMG_7777 2.JPG in Resources */ = {isa = PBXBuildFile; fileRef = 9B03904121C838E40006022D /* IMG_7777 2.JPG */; };
		9B03907E21C838E70006022D /* IMG_0731 2.JPG in Resources */ = {isa = PBXBuildFile; fileRef = 9B03904221C838E40006022D /* IMG_0731 2.JPG */; };
		9B03907F21C838E70006022D /* IMG_9012 2.JPG in Resources */ = {isa = PBXBuildFile; fileRef = 9B03904321C838E50006022D /* IMG_9012 2.JPG */; };
		9B03908021C838E70006022D /* IMG_9029 2.JPG in Resources */ = {isa = PBXBuildFile; fileRef = 9B03904421C838E50006022D /* IMG_9029 2.JPG */; };
		9B03908121C838E70006022D /* IMG_0472 2.JPG in Resources */ = {isa = PBXBuildFile; fileRef = 9B03904521C838E60006022D /* IMG_0472 2.JPG */; };
		9B03908221C838E70006022D /* IMG_8062 2.JPG in Resources */ = {isa = PBXBuildFile; fileRef = 9B03904621C838E70006022D /* IMG_8062 2.JPG */; };
		9B03908321C838E70006022D /* IMG_0698 2.JPG in Resources */ = {isa = PBXBuildFile; fileRef = 9B03904721C838E70006022D /* IMG_0698 2.JPG */; };
		9B03908421C838E70006022D /* IMG_0132 2.JPG in Resources */ = {isa = PBXBuildFile; fileRef = 9B03904821C838E70006022D /* IMG_0132 2.JPG */; };
		9B03908521C838E70006022D /* IMG_0406 2.JPG in Resources */ = {isa = PBXBuildFile; fileRef = 9B03904921C838E70006022D /* IMG_0406 2.JPG */; };
		9B3BE88E21C182A20076E2F5 /* AppDelegate.swift in Sources */ = {isa = PBXBuildFile; fileRef = 9B3BE88D21C182A20076E2F5 /* AppDelegate.swift */; };
		9B3BE89521C182A20076E2F5 /* Main.storyboard in Resources */ = {isa = PBXBuildFile; fileRef = 9B3BE89321C182A20076E2F5 /* Main.storyboard */; };
		9B3BE89721C182A50076E2F5 /* Assets.xcassets in Resources */ = {isa = PBXBuildFile; fileRef = 9B3BE89621C182A50076E2F5 /* Assets.xcassets */; };
		9B3BE89A21C182A50076E2F5 /* LaunchScreen.storyboard in Resources */ = {isa = PBXBuildFile; fileRef = 9B3BE89821C182A50076E2F5 /* LaunchScreen.storyboard */; };
		9B3BE8A221C185580076E2F5 /* Home.swift in Sources */ = {isa = PBXBuildFile; fileRef = 9B3BE8A121C185580076E2F5 /* Home.swift */; };
		9B3BE8A421C185DC0076E2F5 /* AboutUs.swift in Sources */ = {isa = PBXBuildFile; fileRef = 9B3BE8A321C185DC0076E2F5 /* AboutUs.swift */; };
		9B3BE8A621C1A3060076E2F5 /* Events.swift in Sources */ = {isa = PBXBuildFile; fileRef = 9B3BE8A521C1A3060076E2F5 /* Events.swift */; };
/* End PBXBuildFile section */

/* Begin PBXFileReference section */
		9B03900E21C838DB0006022D /* IMG_3814 2.JPG */ = {isa = PBXFileReference; lastKnownFileType = image.jpeg; path = "IMG_3814 2.JPG"; sourceTree = "<group>"; };
		9B03900F21C838DC0006022D /* IMG_9609 2.JPG */ = {isa = PBXFileReference; lastKnownFileType = image.jpeg; path = "IMG_9609 2.JPG"; sourceTree = "<group>"; };
		9B03901021C838DC0006022D /* IMG_7871 2.JPG */ = {isa = PBXFileReference; lastKnownFileType = image.jpeg; path = "IMG_7871 2.JPG"; sourceTree = "<group>"; };
		9B03901121C838DC0006022D /* IMG_6896 2.JPG */ = {isa = PBXFileReference; lastKnownFileType = image.jpeg; path = "IMG_6896 2.JPG"; sourceTree = "<group>"; };
		9B03901221C838DC0006022D /* IMG_8169 2.JPG */ = {isa = PBXFileReference; lastKnownFileType = image.jpeg; path = "IMG_8169 2.JPG"; sourceTree = "<group>"; };
		9B03901321C838DC0006022D /* IMG_3945 2.JPG */ = {isa = PBXFileReference; lastKnownFileType = image.jpeg; path = "IMG_3945 2.JPG"; sourceTree = "<group>"; };
		9B03901421C838DC0006022D /* IMG_7489 2.JPG */ = {isa = PBXFileReference; lastKnownFileType = image.jpeg; path = "IMG_7489 2.JPG"; sourceTree = "<group>"; };
		9B03901521C838DC0006022D /* IMG_7793 2.JPG */ = {isa = PBXFileReference; lastKnownFileType = image.jpeg; path = "IMG_7793 2.JPG"; sourceTree = "<group>"; };
		9B03901621C838DD0006022D /* IMG_2964 2.JPG */ = {isa = PBXFileReference; lastKnownFileType = image.jpeg; path = "IMG_2964 2.JPG"; sourceTree = "<group>"; };
		9B03901721C838DD0006022D /* IMG_5637 2.JPG */ = {isa = PBXFileReference; lastKnownFileType = image.jpeg; path = "IMG_5637 2.JPG"; sourceTree = "<group>"; };
		9B03901821C838DD0006022D /* IMG_7089 2.JPG */ = {isa = PBXFileReference; lastKnownFileType = image.jpeg; path = "IMG_7089 2.JPG"; sourceTree = "<group>"; };
		9B03901921C838DD0006022D /* IMG_1232 2.JPG */ = {isa = PBXFileReference; lastKnownFileType = image.jpeg; path = "IMG_1232 2.JPG"; sourceTree = "<group>"; };
		9B03901A21C838DD0006022D /* IMG_6941 2.JPG */ = {isa = PBXFileReference; lastKnownFileType = image.jpeg; path = "IMG_6941 2.JPG"; sourceTree = "<group>"; };
		9B03901B21C838DD0006022D /* IMG_8557 2.JPG */ = {isa = PBXFileReference; lastKnownFileType = image.jpeg; path = "IMG_8557 2.JPG"; sourceTree = "<group>"; };
		9B03901C21C838DE0006022D /* IMG_9902 2.JPG */ = {isa = PBXFileReference; lastKnownFileType = image.jpeg; path = "IMG_9902 2.JPG"; sourceTree = "<group>"; };
		9B03901D21C838DE0006022D /* IMG_9028 2.JPG */ = {isa = PBXFileReference; lastKnownFileType = image.jpeg; path = "IMG_9028 2.JPG"; sourceTree = "<group>"; };
		9B03901E21C838DE0006022D /* IMG_4793 2.JPG */ = {isa = PBXFileReference; lastKnownFileType = image.jpeg; path = "IMG_4793 2.JPG"; sourceTree = "<group>"; };
		9B03901F21C838DE0006022D /* IMG_6636 2.JPG */ = {isa = PBXFileReference; lastKnownFileType = image.jpeg; path = "IMG_6636 2.JPG"; sourceTree = "<group>"; };
		9B03902021C838DE0006022D /* IMG_6155 2.JPG */ = {isa = PBXFileReference; lastKnownFileType = image.jpeg; path = "IMG_6155 2.JPG"; sourceTree = "<group>"; };
		9B03902121C838DE0006022D /* IMG_2096 2.JPG */ = {isa = PBXFileReference; lastKnownFileType = image.jpeg; path = "IMG_2096 2.JPG"; sourceTree = "<group>"; };
		9B03902221C838DF0006022D /* IMG_4731 2.JPG */ = {isa = PBXFileReference; lastKnownFileType = image.jpeg; path = "IMG_4731 2.JPG"; sourceTree = "<group>"; };
		9B03902321C838DF0006022D /* IMG_3585 2.JPG */ = {isa = PBXFileReference; lastKnownFileType = image.jpeg; path = "IMG_3585 2.JPG"; sourceTree = "<group>"; };
		9B03902421C838DF0006022D /* IMG_5201 2.JPG */ = {isa = PBXFileReference; lastKnownFileType = image.jpeg; path = "IMG_5201 2.JPG"; sourceTree = "<group>"; };
		9B03902521C838DF0006022D /* IMG_3900 2.JPG */ = {isa = PBXFileReference; lastKnownFileType = image.jpeg; path = "IMG_3900 2.JPG"; sourceTree = "<group>"; };
		9B03902621C838DF0006022D /* IMG_6199 2.JPG */ = {isa = PBXFileReference; lastKnownFileType = image.jpeg; path = "IMG_6199 2.JPG"; sourceTree = "<group>"; };
		9B03902721C838DF0006022D /* IMG_1781 2.JPG */ = {isa = PBXFileReference; lastKnownFileType = image.jpeg; path = "IMG_1781 2.JPG"; sourceTree = "<group>"; };
		9B03902821C838DF0006022D /* IMG_6543 2.JPG */ = {isa = PBXFileReference; lastKnownFileType = image.jpeg; path = "IMG_6543 2.JPG"; sourceTree = "<group>"; };
		9B03902921C838E00006022D /* IMG_2743 2.JPG */ = {isa = PBXFileReference; lastKnownFileType = image.jpeg; path = "IMG_2743 2.JPG"; sourceTree = "<group>"; };
		9B03902A21C838E00006022D /* IMG_4671 2.JPG */ = {isa = PBXFileReference; lastKnownFileType = image.jpeg; path = "IMG_4671 2.JPG"; sourceTree = "<group>"; };
		9B03902B21C838E00006022D /* IMG_6820 2.JPG */ = {isa = PBXFileReference; lastKnownFileType = image.jpeg; path = "IMG_6820 2.JPG"; sourceTree = "<group>"; };
		9B03902C21C838E00006022D /* IMG_4698 2.JPG */ = {isa = PBXFileReference; lastKnownFileType = image.jpeg; path = "IMG_4698 2.JPG"; sourceTree = "<group>"; };
		9B03902D21C838E00006022D /* IMG_2099 2.jpg */ = {isa = PBXFileReference; lastKnownFileType = image.jpeg; path = "IMG_2099 2.jpg"; sourceTree = "<group>"; };
		9B03902E21C838E00006022D /* IMG_2100 2.JPG */ = {isa = PBXFileReference; lastKnownFileType = image.jpeg; path = "IMG_2100 2.JPG"; sourceTree = "<group>"; };
		9B03902F21C838E00006022D /* IMG_4398 2.JPG */ = {isa = PBXFileReference; lastKnownFileType = image.jpeg; path = "IMG_4398 2.JPG"; sourceTree = "<group>"; };
		9B03903021C838E10006022D /* IMG_5287 2.JPG */ = {isa = PBXFileReference; lastKnownFileType = image.jpeg; path = "IMG_5287 2.JPG"; sourceTree = "<group>"; };
		9B03903121C838E10006022D /* IMG_1980 2.JPG */ = {isa = PBXFileReference; lastKnownFileType = image.jpeg; path = "IMG_1980 2.JPG"; sourceTree = "<group>"; };
		9B03903221C838E10006022D /* IMG_1063 2.JPG */ = {isa = PBXFileReference; lastKnownFileType = image.jpeg; path = "IMG_1063 2.JPG"; sourceTree = "<group>"; };
		9B03903321C838E10006022D /* IMG_1946 2.JPG */ = {isa = PBXFileReference; lastKnownFileType = image.jpeg; path = "IMG_1946 2.JPG"; sourceTree = "<group>"; };
		9B03903421C838E10006022D /* IMG_7317 2.JPG */ = {isa = PBXFileReference; lastKnownFileType = image.jpeg; path = "IMG_7317 2.JPG"; sourceTree = "<group>"; };
		9B03903521C838E20006022D /* IMG_7057 2.JPG */ = {isa = PBXFileReference; lastKnownFileType = image.jpeg; path = "IMG_7057 2.JPG"; sourceTree = "<group>"; };
		9B03903621C838E20006022D /* IMG_9692 2.JPG */ = {isa = PBXFileReference; lastKnownFileType = image.jpeg; path = "IMG_9692 2.JPG"; sourceTree = "<group>"; };
		9B03903721C838E20006022D /* IMG_1949 2.JPG */ = {isa = PBXFileReference; lastKnownFileType = image.jpeg; path = "IMG_1949 2.JPG"; sourceTree = "<group>"; };
		9B03903821C838E20006022D /* IMG_4330 2.JPG */ = {isa = PBXFileReference; lastKnownFileType = image.jpeg; path = "IMG_4330 2.JPG"; sourceTree = "<group>"; };
		9B03903921C838E20006022D /* IMG_8804 2.JPG */ = {isa = PBXFileReference; lastKnownFileType = image.jpeg; path = "IMG_8804 2.JPG"; sourceTree = "<group>"; };
		9B03903A21C838E20006022D /* IMG_2098 2.JPG */ = {isa = PBXFileReference; lastKnownFileType = image.jpeg; name = "IMG_2098 2.JPG"; path = "../../../../Downloads/IMG_2098 2.JPG"; sourceTree = "<group>"; };
		9B03903B21C838E30006022D /* IMG_0387 2.JPG */ = {isa = PBXFileReference; lastKnownFileType = image.jpeg; path = "IMG_0387 2.JPG"; sourceTree = "<group>"; };
		9B03903C21C838E30006022D /* IMG_0513 2.JPG */ = {isa = PBXFileReference; lastKnownFileType = image.jpeg; path = "IMG_0513 2.JPG"; sourceTree = "<group>"; };
		9B03903D21C838E30006022D /* IMG_2097 2.JPG */ = {isa = PBXFileReference; lastKnownFileType = image.jpeg; path = "IMG_2097 2.JPG"; sourceTree = "<group>"; };
		9B03903E21C838E40006022D /* IMG_1322 2.JPG */ = {isa = PBXFileReference; lastKnownFileType = image.jpeg; path = "IMG_1322 2.JPG"; sourceTree = "<group>"; };
		9B03903F21C838E40006022D /* IMG_8363 2.JPG */ = {isa = PBXFileReference; lastKnownFileType = image.jpeg; path = "IMG_8363 2.JPG"; sourceTree = "<group>"; };
		9B03904021C838E40006022D /* IMG_9955 2.JPG */ = {isa = PBXFileReference; lastKnownFileType = image.jpeg; path = "IMG_9955 2.JPG"; sourceTree = "<group>"; };
		9B03904121C838E40006022D /* IMG_7777 2.JPG */ = {isa = PBXFileReference; lastKnownFileType = image.jpeg; path = "IMG_7777 2.JPG"; sourceTree = "<group>"; };
		9B03904221C838E40006022D /* IMG_0731 2.JPG */ = {isa = PBXFileReference; lastKnownFileType = image.jpeg; path = "IMG_0731 2.JPG"; sourceTree = "<group>"; };
		9B03904321C838E50006022D /* IMG_9012 2.JPG */ = {isa = PBXFileReference; lastKnownFileType = image.jpeg; path = "IMG_9012 2.JPG"; sourceTree = "<group>"; };
		9B03904421C838E50006022D /* IMG_9029 2.JPG */ = {isa = PBXFileReference; lastKnownFileType = image.jpeg; path = "IMG_9029 2.JPG"; sourceTree = "<group>"; };
		9B03904521C838E60006022D /* IMG_0472 2.JPG */ = {isa = PBXFileReference; lastKnownFileType = image.jpeg; path = "IMG_0472 2.JPG"; sourceTree = "<group>"; };
		9B03904621C838E70006022D /* IMG_8062 2.JPG */ = {isa = PBXFileReference; lastKnownFileType = image.jpeg; path = "IMG_8062 2.JPG"; sourceTree = "<group>"; };
		9B03904721C838E70006022D /* IMG_0698 2.JPG */ = {isa = PBXFileReference; lastKnownFileType = image.jpeg; path = "IMG_0698 2.JPG"; sourceTree = "<group>"; };
		9B03904821C838E70006022D /* IMG_0132 2.JPG */ = {isa = PBXFileReference; lastKnownFileType = image.jpeg; path = "IMG_0132 2.JPG"; sourceTree = "<group>"; };
		9B03904921C838E70006022D /* IMG_0406 2.JPG */ = {isa = PBXFileReference; lastKnownFileType = image.jpeg; path = "IMG_0406 2.JPG"; sourceTree = "<group>"; };
		9B3BE88A21C182A20076E2F5 /* Artranfp.app */ = {isa = PBXFileReference; explicitFileType = wrapper.application; includeInIndex = 0; path = Artranfp.app; sourceTree = BUILT_PRODUCTS_DIR; };
		9B3BE88D21C182A20076E2F5 /* AppDelegate.swift */ = {isa = PBXFileReference; lastKnownFileType = sourcecode.swift; path = AppDelegate.swift; sourceTree = "<group>"; };
		9B3BE89421C182A20076E2F5 /* Base */ = {isa = PBXFileReference; lastKnownFileType = file.storyboard; name = Base; path = Base.lproj/Main.storyboard; sourceTree = "<group>"; };
		9B3BE89621C182A50076E2F5 /* Assets.xcassets */ = {isa = PBXFileReference; lastKnownFileType = folder.assetcatalog; path = Assets.xcassets; sourceTree = "<group>"; };
		9B3BE89921C182A50076E2F5 /* Base */ = {isa = PBXFileReference; lastKnownFileType = file.storyboard; name = Base; path = Base.lproj/LaunchScreen.storyboard; sourceTree = "<group>"; };
		9B3BE89B21C182A50076E2F5 /* Info.plist */ = {isa = PBXFileReference; lastKnownFileType = text.plist.xml; path = Info.plist; sourceTree = "<group>"; };
		9B3BE8A121C185580076E2F5 /* Home.swift */ = {isa = PBXFileReference; lastKnownFileType = sourcecode.swift; path = Home.swift; sourceTree = "<group>"; };
		9B3BE8A321C185DC0076E2F5 /* AboutUs.swift */ = {isa = PBXFileReference; lastKnownFileType = sourcecode.swift; path = AboutUs.swift; sourceTree = "<group>"; };
		9B3BE8A521C1A3060076E2F5 /* Events.swift */ = {isa = PBXFileReference; lastKnownFileType = sourcecode.swift; path = Events.swift; sourceTree = "<group>"; };
/* End PBXFileReference section */

/* Begin PBXFrameworksBuildPhase section */
		9B3BE88721C182A20076E2F5 /* Frameworks */ = {
			isa = PBXFrameworksBuildPhase;
			buildActionMask = 2147483647;
			files = (
			);
			runOnlyForDeploymentPostprocessing = 0;
		};
/* End PBXFrameworksBuildPhase section */

/* Begin PBXGroup section */
		9B3BE88121C182A20076E2F5 = {
			isa = PBXGroup;
			children = (
				9B3BE88C21C182A20076E2F5 /* Artranfp */,
				9B3BE88B21C182A20076E2F5 /* Products */,
				9B03904821C838E70006022D /* IMG_0132 2.JPG */,
				9B03903B21C838E30006022D /* IMG_0387 2.JPG */,
				9B03904921C838E70006022D /* IMG_0406 2.JPG */,
				9B03904521C838E60006022D /* IMG_0472 2.JPG */,
				9B03903C21C838E30006022D /* IMG_0513 2.JPG */,
				9B03904721C838E70006022D /* IMG_0698 2.JPG */,
				9B03904221C838E40006022D /* IMG_0731 2.JPG */,
				9B03903221C838E10006022D /* IMG_1063 2.JPG */,
				9B03901921C838DD0006022D /* IMG_1232 2.JPG */,
				9B03903E21C838E40006022D /* IMG_1322 2.JPG */,
				9B03902721C838DF0006022D /* IMG_1781 2.JPG */,
				9B03903321C838E10006022D /* IMG_1946 2.JPG */,
				9B03903721C838E20006022D /* IMG_1949 2.JPG */,
				9B03903121C838E10006022D /* IMG_1980 2.JPG */,
				9B03902121C838DE0006022D /* IMG_2096 2.JPG */,
				9B03903D21C838E30006022D /* IMG_2097 2.JPG */,
				9B03903A21C838E20006022D /* IMG_2098 2.JPG */,
				9B03902D21C838E00006022D /* IMG_2099 2.jpg */,
				9B03902E21C838E00006022D /* IMG_2100 2.JPG */,
				9B03902921C838E00006022D /* IMG_2743 2.JPG */,
				9B03901621C838DD0006022D /* IMG_2964 2.JPG */,
				9B03902321C838DF0006022D /* IMG_3585 2.JPG */,
				9B03900E21C838DB0006022D /* IMG_3814 2.JPG */,
				9B03902521C838DF0006022D /* IMG_3900 2.JPG */,
				9B03901321C838DC0006022D /* IMG_3945 2.JPG */,
				9B03903821C838E20006022D /* IMG_4330 2.JPG */,
				9B03902F21C838E00006022D /* IMG_4398 2.JPG */,
				9B03902A21C838E00006022D /* IMG_4671 2.JPG */,
				9B03902C21C838E00006022D /* IMG_4698 2.JPG */,
				9B03902221C838DF0006022D /* IMG_4731 2.JPG */,
				9B03901E21C838DE0006022D /* IMG_4793 2.JPG */,
				9B03902421C838DF0006022D /* IMG_5201 2.JPG */,
				9B03903021C838E10006022D /* IMG_5287 2.JPG */,
				9B03901721C838DD0006022D /* IMG_5637 2.JPG */,
				9B03902021C838DE0006022D /* IMG_6155 2.JPG */,
				9B03902621C838DF0006022D /* IMG_6199 2.JPG */,
				9B03902821C838DF0006022D /* IMG_6543 2.JPG */,
				9B03901F21C838DE0006022D /* IMG_6636 2.JPG */,
				9B03902B21C838E00006022D /* IMG_6820 2.JPG */,
				9B03901121C838DC0006022D /* IMG_6896 2.JPG */,
				9B03901A21C838DD0006022D /* IMG_6941 2.JPG */,
				9B03903521C838E20006022D /* IMG_7057 2.JPG */,
				9B03901821C838DD0006022D /* IMG_7089 2.JPG */,
				9B03903421C838E10006022D /* IMG_7317 2.JPG */,
				9B03901421C838DC0006022D /* IMG_7489 2.JPG */,
				9B03904121C838E40006022D /* IMG_7777 2.JPG */,
				9B03901521C838DC0006022D /* IMG_7793 2.JPG */,
				9B03901021C838DC0006022D /* IMG_7871 2.JPG */,
				9B03904621C838E70006022D /* IMG_8062 2.JPG */,
				9B03901221C838DC0006022D /* IMG_8169 2.JPG */,
				9B03903F21C838E40006022D /* IMG_8363 2.JPG */,
				9B03901B21C838DD0006022D /* IMG_8557 2.JPG */,
				9B03903921C838E20006022D /* IMG_8804 2.JPG */,
				9B03904321C838E50006022D /* IMG_9012 2.JPG */,
				9B03901D21C838DE0006022D /* IMG_9028 2.JPG */,
				9B03904421C838E50006022D /* IMG_9029 2.JPG */,
				9B03900F21C838DC0006022D /* IMG_9609 2.JPG */,
				9B03903621C838E20006022D /* IMG_9692 2.JPG */,
				9B03901C21C838DE0006022D /* IMG_9902 2.JPG */,
				9B03904021C838E40006022D /* IMG_9955 2.JPG */,
			);
			sourceTree = "<group>";
		};
		9B3BE88B21C182A20076E2F5 /* Products */ = {
			isa = PBXGroup;
			children = (
				9B3BE88A21C182A20076E2F5 /* Artranfp.app */,
			);
			name = Products;
			sourceTree = "<group>";
		};
		9B3BE88C21C182A20076E2F5 /* Artranfp */ = {
			isa = PBXGroup;
			children = (
				9B3BE88D21C182A20076E2F5 /* AppDelegate.swift */,
				9B3BE89321C182A20076E2F5 /* Main.storyboard */,
				9B3BE8A521C1A3060076E2F5 /* Events.swift */,
				9B3BE8A321C185DC0076E2F5 /* AboutUs.swift */,
				9B3BE8A121C185580076E2F5 /* Home.swift */,
				9B3BE89621C182A50076E2F5 /* Assets.xcassets */,
				9B3BE89821C182A50076E2F5 /* LaunchScreen.storyboard */,
				9B3BE89B21C182A50076E2F5 /* Info.plist */,
			);
			path = Artranfp;
			sourceTree = "<group>";
		};
/* End PBXGroup section */

/* Begin PBXNativeTarget section */
		9B3BE88921C182A20076E2F5 /* Artranfp */ = {
			isa = PBXNativeTarget;
			buildConfigurationList = 9B3BE89E21C182A50076E2F5 /* Build configuration list for PBXNativeTarget "Artranfp" */;
			buildPhases = (
				9B3BE88621C182A20076E2F5 /* Sources */,
				9B3BE88721C182A20076E2F5 /* Frameworks */,
				9B3BE88821C182A20076E2F5 /* Resources */,
			);
			buildRules = (
			);
			dependencies = (
			);
			name = Artranfp;
			productName = Artranfp;
			productReference = 9B3BE88A21C182A20076E2F5 /* Artranfp.app */;
			productType = "com.apple.product-type.application";
		};
/* End PBXNativeTarget section */

/* Begin PBXProject section */
		9B3BE88221C182A20076E2F5 /* Project object */ = {
			isa = PBXProject;
			attributes = {
				LastSwiftUpdateCheck = 1010;
				LastUpgradeCheck = 1010;
				ORGANIZATIONNAME = Artra;
				TargetAttributes = {
					9B3BE88921C182A20076E2F5 = {
						CreatedOnToolsVersion = 10.1;
					};
				};
			};
			buildConfigurationList = 9B3BE88521C182A20076E2F5 /* Build configuration list for PBXProject "Artranfp" */;
			compatibilityVersion = "Xcode 9.3";
			developmentRegion = en;
			hasScannedForEncodings = 0;
			knownRegions = (
				en,
				Base,
			);
			mainGroup = 9B3BE88121C182A20076E2F5;
			productRefGroup = 9B3BE88B21C182A20076E2F5 /* Products */;
			projectDirPath = "";
			projectRoot = "";
			targets = (
				9B3BE88921C182A20076E2F5 /* Artranfp */,
			);
		};
/* End PBXProject section */

/* Begin PBXResourcesBuildPhase section */
		9B3BE88821C182A20076E2F5 /* Resources */ = {
			isa = PBXResourcesBuildPhase;
			buildActionMask = 2147483647;
			files = (
				9B03905221C838E70006022D /* IMG_2964 2.JPG in Resources */,
				9B03904C21C838E70006022D /* IMG_7871 2.JPG in Resources */,
				9B03907721C838E70006022D /* IMG_0387 2.JPG in Resources */,
				9B03905A21C838E70006022D /* IMG_4793 2.JPG in Resources */,
				9B03907821C838E70006022D /* IMG_0513 2.JPG in Resources */,
				9B03905721C838E70006022D /* IMG_8557 2.JPG in Resources */,
				9B03906221C838E70006022D /* IMG_6199 2.JPG in Resources */,
				9B03907A21C838E70006022D /* IMG_1322 2.JPG in Resources */,
				9B03905F21C838E70006022D /* IMG_3585 2.JPG in Resources */,
				9B03905821C838E70006022D /* IMG_9902 2.JPG in Resources */,
				9B03908521C838E70006022D /* IMG_0406 2.JPG in Resources */,
				9B03906B21C838E70006022D /* IMG_4398 2.JPG in Resources */,
				9B03906321C838E70006022D /* IMG_1781 2.JPG in Resources */,
				9B03906D21C838E70006022D /* IMG_1980 2.JPG in Resources */,
				9B03905321C838E70006022D /* IMG_5637 2.JPG in Resources */,
				9B03905C21C838E70006022D /* IMG_6155 2.JPG in Resources */,
				9B03907521C838E70006022D /* IMG_8804 2.JPG in Resources */,
				9B03905921C838E70006022D /* IMG_9028 2.JPG in Resources */,
				9B03907621C838E70006022D /* IMG_2098 2.JPG in Resources */,
				9B03905121C838E70006022D /* IMG_7793 2.JPG in Resources */,
				9B3BE89A21C182A50076E2F5 /* LaunchScreen.storyboard in Resources */,
				9B03905E21C838E70006022D /* IMG_4731 2.JPG in Resources */,
				9B03907D21C838E70006022D /* IMG_7777 2.JPG in Resources */,
				9B03907F21C838E70006022D /* IMG_9012 2.JPG in Resources */,
				9B03906A21C838E70006022D /* IMG_2100 2.JPG in Resources */,
				9B3BE89721C182A50076E2F5 /* Assets.xcassets in Resources */,
				9B03904E21C838E70006022D /* IMG_8169 2.JPG in Resources */,
				9B03906F21C838E70006022D /* IMG_1946 2.JPG in Resources */,
				9B3BE89521C182A20076E2F5 /* Main.storyboard in Resources */,
				9B03904D21C838E70006022D /* IMG_6896 2.JPG in Resources */,
				9B03905B21C838E70006022D /* IMG_6636 2.JPG in Resources */,
				9B03906121C838E70006022D /* IMG_3900 2.JPG in Resources */,
				9B03905521C838E70006022D /* IMG_1232 2.JPG in Resources */,
				9B03907B21C838E70006022D /* IMG_8363 2.JPG in Resources */,
				9B03907421C838E70006022D /* IMG_4330 2.JPG in Resources */,
				9B03905D21C838E70006022D /* IMG_2096 2.JPG in Resources */,
				9B03905421C838E70006022D /* IMG_7089 2.JPG in Resources */,
				9B03907021C838E70006022D /* IMG_7317 2.JPG in Resources */,
				9B03906521C838E70006022D /* IMG_2743 2.JPG in Resources */,
				9B03908121C838E70006022D /* IMG_0472 2.JPG in Resources */,
				9B03907221C838E70006022D /* IMG_9692 2.JPG in Resources */,
				9B03904A21C838E70006022D /* IMG_3814 2.JPG in Resources */,
				9B03906021C838E70006022D /* IMG_5201 2.JPG in Resources */,
				9B03906E21C838E70006022D /* IMG_1063 2.JPG in Resources */,
				9B03906421C838E70006022D /* IMG_6543 2.JPG in Resources */,
				9B03904F21C838E70006022D /* IMG_3945 2.JPG in Resources */,
				9B03906721C838E70006022D /* IMG_6820 2.JPG in Resources */,
				9B03908021C838E70006022D /* IMG_9029 2.JPG in Resources */,
				9B03907121C838E70006022D /* IMG_7057 2.JPG in Resources */,
				9B03908321C838E70006022D /* IMG_0698 2.JPG in Resources */,
				9B03907321C838E70006022D /* IMG_1949 2.JPG in Resources */,
				9B03907E21C838E70006022D /* IMG_0731 2.JPG in Resources */,
				9B03906C21C838E70006022D /* IMG_5287 2.JPG in Resources */,
				9B03904B21C838E70006022D /* IMG_9609 2.JPG in Resources */,
				9B03906821C838E70006022D /* IMG_4698 2.JPG in Resources */,
				9B03906621C838E70006022D /* IMG_4671 2.JPG in Resources */,
				9B03907C21C838E70006022D /* IMG_9955 2.JPG in Resources */,
				9B03908221C838E70006022D /* IMG_8062 2.JPG in Resources */,
				9B03908421C838E70006022D /* IMG_0132 2.JPG in Resources */,
				9B03907921C838E70006022D /* IMG_2097 2.JPG in Resources */,
				9B03905021C838E70006022D /* IMG_7489 2.JPG in Resources */,
				9B03906921C838E70006022D /* IMG_2099 2.jpg in Resources */,
				9B03905621C838E70006022D /* IMG_6941 2.JPG in Resources */,
			);
			runOnlyForDeploymentPostprocessing = 0;
		};
/* End PBXResourcesBuildPhase section */

/* Begin PBXSourcesBuildPhase section */
		9B3BE88621C182A20076E2F5 /* Sources */ = {
			isa = PBXSourcesBuildPhase;
			buildActionMask = 2147483647;
			files = (
				9B3BE8A621C1A3060076E2F5 /* Events.swift in Sources */,
				9B3BE8A421C185DC0076E2F5 /* AboutUs.swift in Sources */,
				9B3BE88E21C182A20076E2F5 /* AppDelegate.swift in Sources */,
				9B3BE8A221C185580076E2F5 /* Home.swift in Sources */,
			);
			runOnlyForDeploymentPostprocessing = 0;
		};
/* End PBXSourcesBuildPhase section */

/* Begin PBXVariantGroup section */
		9B3BE89321C182A20076E2F5 /* Main.storyboard */ = {
			isa = PBXVariantGroup;
			children = (
				9B3BE89421C182A20076E2F5 /* Base */,
			);
			name = Main.storyboard;
			sourceTree = "<group>";
		};
		9B3BE89821C182A50076E2F5 /* LaunchScreen.storyboard */ = {
			isa = PBXVariantGroup;
			children = (
				9B3BE89921C182A50076E2F5 /* Base */,
			);
			name = LaunchScreen.storyboard;
			sourceTree = "<group>";
		};
/* End PBXVariantGroup section */

/* Begin XCBuildConfiguration section */
		9B3BE89C21C182A50076E2F5 /* Debug */ = {
			isa = XCBuildConfiguration;
			buildSettings = {
				ALWAYS_SEARCH_USER_PATHS = NO;
				CLANG_ANALYZER_NONNULL = YES;
				CLANG_ANALYZER_NUMBER_OBJECT_CONVERSION = YES_AGGRESSIVE;
				CLANG_CXX_LANGUAGE_STANDARD = "gnu++14";
				CLANG_CXX_LIBRARY = "libc++";
				CLANG_ENABLE_MODULES = YES;
				CLANG_ENABLE_OBJC_ARC = YES;
				CLANG_ENABLE_OBJC_WEAK = YES;
				CLANG_WARN_BLOCK_CAPTURE_AUTORELEASING = YES;
				CLANG_WARN_BOOL_CONVERSION = YES;
				CLANG_WARN_COMMA = YES;
				CLANG_WARN_CONSTANT_CONVERSION = YES;
				CLANG_WARN_DEPRECATED_OBJC_IMPLEMENTATIONS = YES;
				CLANG_WARN_DIRECT_OBJC_ISA_USAGE = YES_ERROR;
				CLANG_WARN_DOCUMENTATION_COMMENTS = YES;
				CLANG_WARN_EMPTY_BODY = YES;
				CLANG_WARN_ENUM_CONVERSION = YES;
				CLANG_WARN_INFINITE_RECURSION = YES;
				CLANG_WARN_INT_CONVERSION = YES;
				CLANG_WARN_NON_LITERAL_NULL_CONVERSION = YES;
				CLANG_WARN_OBJC_IMPLICIT_RETAIN_SELF = YES;
				CLANG_WARN_OBJC_LITERAL_CONVERSION = YES;
				CLANG_WARN_OBJC_ROOT_CLASS = YES_ERROR;
				CLANG_WARN_RANGE_LOOP_ANALYSIS = YES;
				CLANG_WARN_STRICT_PROTOTYPES = YES;
				CLANG_WARN_SUSPICIOUS_MOVE = YES;
				CLANG_WARN_UNGUARDED_AVAILABILITY = YES_AGGRESSIVE;
				CLANG_WARN_UNREACHABLE_CODE = YES;
				CLANG_WARN__DUPLICATE_METHOD_MATCH = YES;
				CODE_SIGN_IDENTITY = "iPhone Developer";
				COPY_PHASE_STRIP = NO;
				DEBUG_INFORMATION_FORMAT = dwarf;
				ENABLE_STRICT_OBJC_MSGSEND = YES;
				ENABLE_TESTABILITY = YES;
				GCC_C_LANGUAGE_STANDARD = gnu11;
				GCC_DYNAMIC_NO_PIC = NO;
				GCC_NO_COMMON_BLOCKS = YES;
				GCC_OPTIMIZATION_LEVEL = 0;
				GCC_PREPROCESSOR_DEFINITIONS = (
					"DEBUG=1",
					"$(inherited)",
				);
				GCC_WARN_64_TO_32_BIT_CONVERSION = YES;
				GCC_WARN_ABOUT_RETURN_TYPE = YES_ERROR;
				GCC_WARN_UNDECLARED_SELECTOR = YES;
				GCC_WARN_UNINITIALIZED_AUTOS = YES_AGGRESSIVE;
				GCC_WARN_UNUSED_FUNCTION = YES;
				GCC_WARN_UNUSED_VARIABLE = YES;
				IPHONEOS_DEPLOYMENT_TARGET = 12.1;
				MTL_ENABLE_DEBUG_INFO = INCLUDE_SOURCE;
				MTL_FAST_MATH = YES;
				ONLY_ACTIVE_ARCH = YES;
				SDKROOT = iphoneos;
				SWIFT_ACTIVE_COMPILATION_CONDITIONS = DEBUG;
				SWIFT_OPTIMIZATION_LEVEL = "-Onone";
			};
			name = Debug;
		};
		9B3BE89D21C182A50076E2F5 /* Release */ = {
			isa = XCBuildConfiguration;
			buildSettings = {
				ALWAYS_SEARCH_USER_PATHS = NO;
				CLANG_ANALYZER_NONNULL = YES;
				CLANG_ANALYZER_NUMBER_OBJECT_CONVERSION = YES_AGGRESSIVE;
				CLANG_CXX_LANGUAGE_STANDARD = "gnu++14";
				CLANG_CXX_LIBRARY = "libc++";
				CLANG_ENABLE_MODULES = YES;
				CLANG_ENABLE_OBJC_ARC = YES;
				CLANG_ENABLE_OBJC_WEAK = YES;
				CLANG_WARN_BLOCK_CAPTURE_AUTORELEASING = YES;
				CLANG_WARN_BOOL_CONVERSION = YES;
				CLANG_WARN_COMMA = YES;
				CLANG_WARN_CONSTANT_CONVERSION = YES;
				CLANG_WARN_DEPRECATED_OBJC_IMPLEMENTATIONS = YES;
				CLANG_WARN_DIRECT_OBJC_ISA_USAGE = YES_ERROR;
				CLANG_WARN_DOCUMENTATION_COMMENTS = YES;
				CLANG_WARN_EMPTY_BODY = YES;
				CLANG_WARN_ENUM_CONVERSION = YES;
				CLANG_WARN_INFINITE_RECURSION = YES;
				CLANG_WARN_INT_CONVERSION = YES;
				CLANG_WARN_NON_LITERAL_NULL_CONVERSION = YES;
				CLANG_WARN_OBJC_IMPLICIT_RETAIN_SELF = YES;
				CLANG_WARN_OBJC_LITERAL_CONVERSION = YES;
				CLANG_WARN_OBJC_ROOT_CLASS = YES_ERROR;
				CLANG_WARN_RANGE_LOOP_ANALYSIS = YES;
				CLANG_WARN_STRICT_PROTOTYPES = YES;
				CLANG_WARN_SUSPICIOUS_MOVE = YES;
				CLANG_WARN_UNGUARDED_AVAILABILITY = YES_AGGRESSIVE;
				CLANG_WARN_UNREACHABLE_CODE = YES;
				CLANG_WARN__DUPLICATE_METHOD_MATCH = YES;
				CODE_SIGN_IDENTITY = "iPhone Developer";
				COPY_PHASE_STRIP = NO;
				DEBUG_INFORMATION_FORMAT = "dwarf-with-dsym";
				ENABLE_NS_ASSERTIONS = NO;
				ENABLE_STRICT_OBJC_MSGSEND = YES;
				GCC_C_LANGUAGE_STANDARD = gnu11;
				GCC_NO_COMMON_BLOCKS = YES;
				GCC_WARN_64_TO_32_BIT_CONVERSION = YES;
				GCC_WARN_ABOUT_RETURN_TYPE = YES_ERROR;
				GCC_WARN_UNDECLARED_SELECTOR = YES;
				GCC_WARN_UNINITIALIZED_AUTOS = YES_AGGRESSIVE;
				GCC_WARN_UNUSED_FUNCTION = YES;
				GCC_WARN_UNUSED_VARIABLE = YES;
				IPHONEOS_DEPLOYMENT_TARGET = 12.1;
				MTL_ENABLE_DEBUG_INFO = NO;
				MTL_FAST_MATH = YES;
				SDKROOT = iphoneos;
				SWIFT_COMPILATION_MODE = wholemodule;
				SWIFT_OPTIMIZATION_LEVEL = "-O";
				VALIDATE_PRODUCT = YES;
			};
			name = Release;
		};
		9B3BE89F21C182A50076E2F5 /* Debug */ = {
			isa = XCBuildConfiguration;
			buildSettings = {
				ASSETCATALOG_COMPILER_APPICON_NAME = AppIcon;
				CODE_SIGN_STYLE = Automatic;
				DEVELOPMENT_TEAM = S5RU2SD2AV;
				INFOPLIST_FILE = Artranfp/Info.plist;
				LD_RUNPATH_SEARCH_PATHS = (
					"$(inherited)",
					"@executable_path/Frameworks",
				);
				PRODUCT_BUNDLE_IDENTIFIER = me.mding.Artranfp;
				PRODUCT_NAME = "$(TARGET_NAME)";
				SWIFT_VERSION = 4.2;
				TARGETED_DEVICE_FAMILY = "1,2";
			};
			name = Debug;
		};
		9B3BE8A021C182A50076E2F5 /* Release */ = {
			isa = XCBuildConfiguration;
			buildSettings = {
				ASSETCATALOG_COMPILER_APPICON_NAME = AppIcon;
				CODE_SIGN_STYLE = Automatic;
				DEVELOPMENT_TEAM = S5RU2SD2AV;
				INFOPLIST_FILE = Artranfp/Info.plist;
				LD_RUNPATH_SEARCH_PATHS = (
					"$(inherited)",
					"@executable_path/Frameworks",
				);
				PRODUCT_BUNDLE_IDENTIFIER = me.mding.Artranfp;
				PRODUCT_NAME = "$(TARGET_NAME)";
				SWIFT_VERSION = 4.2;
				TARGETED_DEVICE_FAMILY = "1,2";
			};
			name = Release;
		};
/* End XCBuildConfiguration section */

/* Begin XCConfigurationList section */
		9B3BE88521C182A20076E2F5 /* Build configuration list for PBXProject "Artranfp" */ = {
			isa = XCConfigurationList;
			buildConfigurations = (
				9B3BE89C21C182A50076E2F5 /* Debug */,
				9B3BE89D21C182A50076E2F5 /* Release */,
			);
			defaultConfigurationIsVisible = 0;
			defaultConfigurationName = Release;
		};
		9B3BE89E21C182A50076E2F5 /* Build configuration list for PBXNativeTarget "Artranfp" */ = {
			isa = XCConfigurationList;
			buildConfigurations = (
				9B3BE89F21C182A50076E2F5 /* Debug */,
				9B3BE8A021C182A50076E2F5 /* Release */,
			);
			defaultConfigurationIsVisible = 0;
			defaultConfigurationName = Release;
		};
/* End XCConfigurationList section */
	};
	rootObject = 9B3BE88221C182A20076E2F5 /* Project object */;
}
